
Microsoft Visual Studio Solution File, Format Version 12.00
# Visual Studio Version 16
VisualStudioVersion = 16.0.30711.63
MinimumVisualStudioVersion = 10.0.40219.1
Project("{FAE04EC0-301F-11D3-BF4B-00C04F79EFBC}") = "icaten", "elecion\icaten.csproj", "{55929DFA-346A-4F5C-90B6-A6CE79C1CCE2}"
EndProject
Project("{FAE04EC0-301F-11D3-BF4B-00C04F79EFBC}") = "ReportLibrary", "ReportLibrary\ReportLibrary.csproj", "{D1998425-0BB3-4406-A210-A6AD6C2EEE80}"
EndProject
Global
	GlobalSection(SolutionConfigurationPlatforms) = preSolution
		Debug|Any CPU = Debug|Any CPU
		Release|Any CPU = Release|Any CPU
	EndGlobalSection
	GlobalSection(ProjectConfigurationPlatforms) = postSolution
		{55929DFA-346A-4F5C-90B6-A6CE79C1CCE2}.Debug|Any CPU.ActiveCfg = Debug|Any CPU
		{55929DFA-346A-4F5C-90B6-A6CE79C1CCE2}.Debug|Any CPU.Build.0 = Debug|Any CPU
		{55929DFA-346A-4F5C-90B6-A6CE79C1CCE2}.Release|Any CPU.ActiveCfg = Release|Any CPU
		{55929DFA-346A-4F5C-90B6-A6CE79C1CCE2}.Release|Any CPU.Build.0 = Release|Any CPU
		{D1998425-0BB3-4406-A210-A6AD6C2EEE80}.Debug|Any CPU.ActiveCfg = Debug|Any CPU
		{D1998425-0BB3-4406-A210-A6AD6C2EEE80}.Debug|Any CPU.Build.0 = Debug|Any CPU
		{D1998425-0BB3-4406-A210-A6AD6C2EEE80}.Release|Any CPU.ActiveCfg = Release|Any CPU
		{D1998425-0BB3-4406-A210-A6AD6C2EEE80}.Release|Any CPU.Build.0 = Release|Any CPU
	EndGlobalSection
	GlobalSection(SolutionProperties) = preSolution
		HideSolutionNode = FALSE
	EndGlobalSection
	GlobalSection(ExtensibilityGlobals) = postSolution
		SolutionGuid = {C7E7C372-20F8-4E6A-8A08-805359F9EFA7}
	EndGlobalSection
EndGlobal
